
Microsoft Visual Studio Solution File, Format Version 12.00
# Visual Studio Version 17
VisualStudioVersion = 17.4.33122.133
MinimumVisualStudioVersion = 10.0.40219.1
Project("{FAE04EC0-301F-11D3-BF4B-00C04F79EFBC}") = "Selenium", "Selenium\Selenium.csproj", "{ACA92ACC-C5A8-4849-9703-98F9C66D86B1}"
EndProject
Global
	GlobalSection(SolutionConfigurationPlatforms) = preSolution
		Debug|Any CPU = Debug|Any CPU
		Release|Any CPU = Release|Any CPU
	EndGlobalSection
	GlobalSection(ProjectConfigurationPlatforms) = postSolution
		{ACA92ACC-C5A8-4849-9703-98F9C66D86B1}.Debug|Any CPU.ActiveCfg = Debug|Any CPU
		{ACA92ACC-C5A8-4849-9703-98F9C66D86B1}.Debug|Any CPU.Build.0 = Debug|Any CPU
		{ACA92ACC-C5A8-4849-9703-98F9C66D86B1}.Release|Any CPU.ActiveCfg = Release|Any CPU
		{ACA92ACC-C5A8-4849-9703-98F9C66D86B1}.Release|Any CPU.Build.0 = Release|Any CPU
	EndGlobalSection
	GlobalSection(SolutionProperties) = preSolution
		HideSolutionNode = FALSE
	EndGlobalSection
	GlobalSection(ExtensibilityGlobals) = postSolution
		SolutionGuid = {BA601858-D347-4854-88F9-F51800FA563B}
	EndGlobalSection
EndGlobal
